
Microsoft Visual Studio Solution File, Format Version 12.00
# Visual Studio Version 16
VisualStudioVersion = 16.0.30114.105
MinimumVisualStudioVersion = 10.0.40219.1
Project("{2150E333-8FDC-42A3-9474-1A3956D46DE8}") = "src", "src", "{823CC577-0BBA-41DA-AB3D-2AE58647309E}"
EndProject
Project("{FAE04EC0-301F-11D3-BF4B-00C04F79EFBC}") = "validationApp", "src\validationApp\validationApp.csproj", "{6C8B243B-28E4-4D41-9CD0-A52A93133DCF}"
EndProject
Project("{2150E333-8FDC-42A3-9474-1A3956D46DE8}") = "tests", "tests", "{07D541F8-6145-4B78-BBB2-AEC796D98BAE}"
EndProject
Project("{FAE04EC0-301F-11D3-BF4B-00C04F79EFBC}") = "validationAppTests", "tests\validationAppTests\validationAppTests.csproj", "{CFB237FC-12F4-42FF-A17F-103EFFFA3747}"
EndProject
Global
	GlobalSection(SolutionConfigurationPlatforms) = preSolution
		Debug|Any CPU = Debug|Any CPU
		Debug|x64 = Debug|x64
		Debug|x86 = Debug|x86
		Release|Any CPU = Release|Any CPU
		Release|x64 = Release|x64
		Release|x86 = Release|x86
	EndGlobalSection
	GlobalSection(SolutionProperties) = preSolution
		HideSolutionNode = FALSE
	EndGlobalSection
	GlobalSection(ProjectConfigurationPlatforms) = postSolution
		{6C8B243B-28E4-4D41-9CD0-A52A93133DCF}.Debug|Any CPU.ActiveCfg = Debug|Any CPU
		{6C8B243B-28E4-4D41-9CD0-A52A93133DCF}.Debug|Any CPU.Build.0 = Debug|Any CPU
		{6C8B243B-28E4-4D41-9CD0-A52A93133DCF}.Debug|x64.ActiveCfg = Debug|Any CPU
		{6C8B243B-28E4-4D41-9CD0-A52A93133DCF}.Debug|x64.Build.0 = Debug|Any CPU
		{6C8B243B-28E4-4D41-9CD0-A52A93133DCF}.Debug|x86.ActiveCfg = Debug|Any CPU
		{6C8B243B-28E4-4D41-9CD0-A52A93133DCF}.Debug|x86.Build.0 = Debug|Any CPU
		{6C8B243B-28E4-4D41-9CD0-A52A93133DCF}.Release|Any CPU.ActiveCfg = Release|Any CPU
		{6C8B243B-28E4-4D41-9CD0-A52A93133DCF}.Release|Any CPU.Build.0 = Release|Any CPU
		{6C8B243B-28E4-4D41-9CD0-A52A93133DCF}.Release|x64.ActiveCfg = Release|Any CPU
		{6C8B243B-28E4-4D41-9CD0-A52A93133DCF}.Release|x64.Build.0 = Release|Any CPU
		{6C8B243B-28E4-4D41-9CD0-A52A93133DCF}.Release|x86.ActiveCfg = Release|Any CPU
		{6C8B243B-28E4-4D41-9CD0-A52A93133DCF}.Release|x86.Build.0 = Release|Any CPU
		{CFB237FC-12F4-42FF-A17F-103EFFFA3747}.Debug|Any CPU.ActiveCfg = Debug|Any CPU
		{CFB237FC-12F4-42FF-A17F-103EFFFA3747}.Debug|Any CPU.Build.0 = Debug|Any CPU
		{CFB237FC-12F4-42FF-A17F-103EFFFA3747}.Debug|x64.ActiveCfg = Debug|Any CPU
		{CFB237FC-12F4-42FF-A17F-103EFFFA3747}.Debug|x64.Build.0 = Debug|Any CPU
		{CFB237FC-12F4-42FF-A17F-103EFFFA3747}.Debug|x86.ActiveCfg = Debug|Any CPU
		{CFB237FC-12F4-42FF-A17F-103EFFFA3747}.Debug|x86.Build.0 = Debug|Any CPU
		{CFB237FC-12F4-42FF-A17F-103EFFFA3747}.Release|Any CPU.ActiveCfg = Release|Any CPU
		{CFB237FC-12F4-42FF-A17F-103EFFFA3747}.Release|Any CPU.Build.0 = Release|Any CPU
		{CFB237FC-12F4-42FF-A17F-103EFFFA3747}.Release|x64.ActiveCfg = Release|Any CPU
		{CFB237FC-12F4-42FF-A17F-103EFFFA3747}.Release|x64.Build.0 = Release|Any CPU
		{CFB237FC-12F4-42FF-A17F-103EFFFA3747}.Release|x86.ActiveCfg = Release|Any CPU
		{CFB237FC-12F4-42FF-A17F-103EFFFA3747}.Release|x86.Build.0 = Release|Any CPU
	EndGlobalSection
	GlobalSection(NestedProjects) = preSolution
		{6C8B243B-28E4-4D41-9CD0-A52A93133DCF} = {823CC577-0BBA-41DA-AB3D-2AE58647309E}
		{CFB237FC-12F4-42FF-A17F-103EFFFA3747} = {07D541F8-6145-4B78-BBB2-AEC796D98BAE}
	EndGlobalSection
EndGlobal
